
Microsoft Visual Studio Solution File, Format Version 12.00
# Visual Studio Version 17
VisualStudioVersion = 17.9.34622.214
MinimumVisualStudioVersion = 10.0.40219.1
Project("{9A19103F-16F7-4668-BE54-9A1E7A4F7556}") = "AdminTree", "AdminTree\AdminTree.csproj", "{0CA6B47A-1CF6-4EF0-A628-291A7B78825A}"
EndProject
Project("{9A19103F-16F7-4668-BE54-9A1E7A4F7556}") = "Entities", "Entities\Entities.csproj", "{71845089-1B55-432C-845B-CDAE5AA080D9}"
EndProject
Project("{FAE04EC0-301F-11D3-BF4B-00C04F79EFBC}") = "DataAccess", "DataAccess\DataAccess.csproj", "{8CAE8274-A904-4449-BB31-93B712E49B23}"
EndProject
Project("{FAE04EC0-301F-11D3-BF4B-00C04F79EFBC}") = "Business", "Business\Business.csproj", "{5031C25E-024B-4B4C-8297-EAF232F2CDE6}"
EndProject
Global
	GlobalSection(SolutionConfigurationPlatforms) = preSolution
		Debug|Any CPU = Debug|Any CPU
		Release|Any CPU = Release|Any CPU
	EndGlobalSection
	GlobalSection(ProjectConfigurationPlatforms) = postSolution
		{0CA6B47A-1CF6-4EF0-A628-291A7B78825A}.Debug|Any CPU.ActiveCfg = Debug|Any CPU
		{0CA6B47A-1CF6-4EF0-A628-291A7B78825A}.Debug|Any CPU.Build.0 = Debug|Any CPU
		{0CA6B47A-1CF6-4EF0-A628-291A7B78825A}.Release|Any CPU.ActiveCfg = Release|Any CPU
		{0CA6B47A-1CF6-4EF0-A628-291A7B78825A}.Release|Any CPU.Build.0 = Release|Any CPU
		{71845089-1B55-432C-845B-CDAE5AA080D9}.Debug|Any CPU.ActiveCfg = Debug|Any CPU
		{71845089-1B55-432C-845B-CDAE5AA080D9}.Debug|Any CPU.Build.0 = Debug|Any CPU
		{71845089-1B55-432C-845B-CDAE5AA080D9}.Release|Any CPU.ActiveCfg = Release|Any CPU
		{71845089-1B55-432C-845B-CDAE5AA080D9}.Release|Any CPU.Build.0 = Release|Any CPU
		{8CAE8274-A904-4449-BB31-93B712E49B23}.Debug|Any CPU.ActiveCfg = Debug|Any CPU
		{8CAE8274-A904-4449-BB31-93B712E49B23}.Debug|Any CPU.Build.0 = Debug|Any CPU
		{8CAE8274-A904-4449-BB31-93B712E49B23}.Release|Any CPU.ActiveCfg = Release|Any CPU
		{8CAE8274-A904-4449-BB31-93B712E49B23}.Release|Any CPU.Build.0 = Release|Any CPU
		{5031C25E-024B-4B4C-8297-EAF232F2CDE6}.Debug|Any CPU.ActiveCfg = Debug|Any CPU
		{5031C25E-024B-4B4C-8297-EAF232F2CDE6}.Debug|Any CPU.Build.0 = Debug|Any CPU
		{5031C25E-024B-4B4C-8297-EAF232F2CDE6}.Release|Any CPU.ActiveCfg = Release|Any CPU
		{5031C25E-024B-4B4C-8297-EAF232F2CDE6}.Release|Any CPU.Build.0 = Release|Any CPU
	EndGlobalSection
	GlobalSection(SolutionProperties) = preSolution
		HideSolutionNode = FALSE
	EndGlobalSection
	GlobalSection(ExtensibilityGlobals) = postSolution
		SolutionGuid = {683810E7-0D3A-4BCD-A5E3-D6F0E2CCD9A8}
	EndGlobalSection
EndGlobal
